github.com/matthewapeters/dali v0.0.0-20201118030213-8326cff45b27 h1:xNwicE55esT4Gr69U3IrNC8Gd6jkpv3DXNIH+UhZaKE=
github.com/matthewapeters/dali v0.0.0-20201118030213-8326cff45b27/go.mod h1:09wvCTDICeJohhQ33Slh8y/Ulk1JUVlSLmMfAzgIzqA=
github.com/matthewapeters/dali v0.0.0-20201118031102-8f17aa7afd31 h1:Cs9lpbc9jrMtAV7exkktoaXutQQRmhRa7Zgbn6ZL5Vo=
github.com/matthewapeters/dali v0.0.0-20201118031102-8f17aa7afd31/go.mod h1:09wvCTDICeJohhQ33Slh8y/Ulk1JUVlSLmMfAzgIzqA=
github.com/matthewapeters/dali v0.0.0-20201118031847-2a8d7917fc1c h1:XsElkNCdxPvh3HZ7beRy95tb5cA5AZevsF+ioPEjHDU=
github.com/matthewapeters/dali v0.0.0-20201118031847-2a8d7917fc1c/go.mod h1:09wvCTDICeJohhQ33Slh8y/Ulk1JUVlSLmMfAzgIzqA=
github.com/matthewapeters/dali v0.0.0-20201118032155-ea9d4000d87d h1:ILBGgCv5mabVbZ7nZFQKfu3rGRwBU5NFR9YLO7MT88g=
github.com/matthewapeters/dali v0.0.0-20201118032155-ea9d4000d87d/go.mod h1:09wvCTDICeJohhQ33Slh8y/Ulk1JUVlSLmMfAzgIzqA=
github.com/matthewapeters/dali v0.0.0-20201118035042-940d4e48ef57 h1:HZsEAGCllqHeoQVjKvapN6S5EZsDCXPmFlwDzsQ8kI8=
github.com/matthewapeters/dali v0.0.0-20201118035042-940d4e48ef57/go.mod h1:09wvCTDICeJohhQ33Slh8y/Ulk1JUVlSLmMfAzgIzqA=
github.com/matthewapeters/dali v0.0.0-20201118035354-b9bb933cec81 h1:dCTKh41Y84ZTDD+jDKT+KqKKAUYYhzKSnCcTVQ1SLmw=
github.com/matthewapeters/dali v0.0.0-20201118035354-b9bb933cec81/go.mod h1:09wvCTDICeJohhQ33Slh8y/Ulk1JUVlSLmMfAzgIzqA=
github.com/matthewapeters/dali v0.0.0-20201118035701-477538798343 h1:XjRi5nWdbITeQF0qo0wxe4W9io0xQZfs75HtRYhaUdo=
github.com/matthewapeters/dali v0.0.0-20201118035701-477538798343/go.mod h1:09wvCTDICeJohhQ33Slh8y/Ulk1JUVlSLmMfAzgIzqA=
github.com/matthewapeters/dali v0.0.0-20201118040714-94c6feabe11d h1:Ds2sLBPbmd5mDB9cJx5lm5qp5U3j0iXMUU12m3Iz+vk=
github.com/matthewapeters/dali v0.0.0-20201118040714-94c6feabe11d/go.mod h1:09wvCTDICeJohhQ33Slh8y/Ulk1JUVlSLmMfAzgIzqA=
github.com/matthewapeters/dali v0.0.0-20201118045008-dc3598930a08 h1:hdrPI0jsXXjvpRbAziXAsn3IKFtu27zserhmdoYbUgo=
github.com/matthewapeters/dali v0.0.0-20201118045008-dc3598930a08/go.mod h1:09wvCTDICeJohhQ33Slh8y/Ulk1JUVlSLmMfAzgIzqA=
github.com/matthewapeters/dali v0.0.0-20201119005027-e17d6aed1994 h1:lebe4bMYEDMBVBmtdymU7hL5YkBmSowj2hi8ua5z7mA=
github.com/matthewapeters/dali v0.0.0-20201119005027-e17d6aed1994/go.mod h1:09wvCTDICeJohhQ33Slh8y/Ulk1JUVlSLmMfAzgIzqA=
github.com/matthewapeters/dali v0.0.0-20201119010505-f244f4a6efd8 h1:mFnVQkSB4KINKPI9s6PyazNXpjzhsb+RrG+e2qgwDoM=
github.com/matthewapeters/dali v0.0.0-20201119010505-f244f4a6efd8/go.mod h1:09wvCTDICeJohhQ33Slh8y/Ulk1JUVlSLmMfAzgIzqA=
github.com/matthewapeters/dali v0.0.0-20201119014724-5e23f6c9764a h1:Zmc8Y57hts/86LiDxWQo6+8FI4Lz+8xHPzxb5mt1Law=
github.com/matthewapeters/dali v0.0.0-20201119014724-5e23f6c9764a/go.mod h1:09wvCTDICeJohhQ33Slh8y/Ulk1JUVlSLmMfAzgIzqA=
github.com/matthewapeters/dali v0.0.0-20201121152206-2c3e0dd3dcf2 h1:NCCj4IbRfj88FFl8Le2iY1ijzArpnvzVTDW+FYrxh8A=
github.com/matthewapeters/dali v0.0.0-20201121152206-2c3e0dd3dcf2/go.mod h1:09wvCTDICeJohhQ33Slh8y/Ulk1JUVlSLmMfAzgIzqA=
github.com/matthewapeters/dali v0.0.0-20201121230555-5fe559005c74 h1:nrcQLqTJLN/Xup3X2AI6w1KFVrA0XvWv1U3g9OoR1Y8=
github.com/matthewapeters/dali v0.0.0-20201121230555-5fe559005c74/go.mod h1:09wvCTDICeJohhQ33Slh8y/Ulk1JUVlSLmMfAzgIzqA=
github.com/zserge/lorca v0.1.9 h1:vbDdkqdp2/rmeg8GlyCewY2X8Z+b0s7BqWyIQL/gakc=
github.com/zserge/lorca v0.1.9/go.mod h1:bVmnIbIRlOcoV285KIRSe4bUABKi7R7384Ycuum6e4A=
golang.org/x/crypto v0.0.0-20190308221718-c2843e01d9a2/go.mod h1:djNgcEr1/C05ACkg1iLfiJU5Ep61QUkGW8qpdssI0+w=
golang.org/x/net v0.0.0-20200222125558-5a598a2470a0 h1:MsuvTghUPjX762sGLnGsxC3HM0B5r83wEtYcYR8/vRs=
golang.org/x/net v0.0.0-20200222125558-5a598a2470a0/go.mod h1:z5CRVTTTmAJ677TzLLGU+0bjPO0LkuOLi4/5GtJWs/s=
golang.org/x/sys v0.0.0-20190215142949-d0b11bdaac8a/go.mod h1:STP8DvDyc/dI5b8T5hshtkjS+E42TnysNCUPdjciGhY=
golang.org/x/text v0.3.0/go.mod h1:NqM8EUOU14njkJ3fqMW+pc6Ldnwhi/IjpwHt7yyuwOQ=
